
Microsoft Visual Studio Solution File, Format Version 12.00
# Visual Studio Version 17
VisualStudioVersion = 17.5.33530.505
MinimumVisualStudioVersion = 10.0.40219.1
Project("{FAE04EC0-301F-11D3-BF4B-00C04F79EFBC}") = "PicturePickerApp", "PicturePickerApp\PicturePickerApp.csproj", "{624168C0-DD79-4AB9-8DFA-1773BBFE7A0E}"
EndProject
Global
	GlobalSection(SolutionConfigurationPlatforms) = preSolution
		Debug|Any CPU = Debug|Any CPU
		Release|Any CPU = Release|Any CPU
	EndGlobalSection
	GlobalSection(ProjectConfigurationPlatforms) = postSolution
		{624168C0-DD79-4AB9-8DFA-1773BBFE7A0E}.Debug|Any CPU.ActiveCfg = Debug|Any CPU
		{624168C0-DD79-4AB9-8DFA-1773BBFE7A0E}.Debug|Any CPU.Build.0 = Debug|Any CPU
		{624168C0-DD79-4AB9-8DFA-1773BBFE7A0E}.Release|Any CPU.ActiveCfg = Release|Any CPU
		{624168C0-DD79-4AB9-8DFA-1773BBFE7A0E}.Release|Any CPU.Build.0 = Release|Any CPU
	EndGlobalSection
	GlobalSection(SolutionProperties) = preSolution
		HideSolutionNode = FALSE
	EndGlobalSection
	GlobalSection(ExtensibilityGlobals) = postSolution
		SolutionGuid = {9FEFA834-FB73-4BF2-AEE8-BBB9CB83052E}
	EndGlobalSection
EndGlobal
